// !$*UTF8*$!
{
	archiveVersion = 1;
	classes = {
	};
	objectVersion = 50;
	objects = {

/* Begin PBXBuildFile section */
		171F86DAAA000008003F2701 /* R.swift in Sources */ = {isa = PBXBuildFile; fileRef = 171F86DBBB000008003F2701 /* R.swift */; };
		171F86DAAA000009003F2701 /* Localizable.strings in Resources */ = {isa = PBXBuildFile; fileRef = 171F86DBBB000009003F2701 /* Localizable.strings */; };
		171F86DAAA000010003F2701 /* RC_Common.xcassets in Resources */ = {isa = PBXBuildFile; fileRef = 171F86DBBB000010003F2701 /* RC_Common.xcassets */; };
		171F86DAAA000011003F2701 /* Assets.xcassets in Resources */ = {isa = PBXBuildFile; fileRef = 171F86DBBB000011003F2701 /* Assets.xcassets */; };
		171F86DAAA000013003F2701 /* AppDelegate.swift in Sources */ = {isa = PBXBuildFile; fileRef = 171F86DBBB000013003F2701 /* AppDelegate.swift */; };
		171F86DAAA000014003F2701 /* LaunchScreen.storyboard in Resources */ = {isa = PBXBuildFile; fileRef = 171F86DBBB000014003F2701 /* LaunchScreen.storyboard */; };
		171F86DAAA000027003F2701 /* ImageData.swift in Sources */ = {isa = PBXBuildFile; fileRef = 171F86DBBB000027003F2701 /* ImageData.swift */; };
		171F86DAAA000028003F2701 /* MainViewController.swift in Sources */ = {isa = PBXBuildFile; fileRef = 171F86DBBB000028003F2701 /* MainViewController.swift */; };
		171F86DAAA000029003F2701 /* MyAdapter.swift in Sources */ = {isa = PBXBuildFile; fileRef = 171F86DBBB000029003F2701 /* MyAdapter.swift */; };
		171F86DAAA000045003F2701 /* mainView.storyboard in Resources */ = {isa = PBXBuildFile; fileRef = 171F86DBBB000045003F2701 /* mainView.storyboard */; };
		171F86DAAA000046003F2701 /* cell_layout.xib in Resources */ = {isa = PBXBuildFile; fileRef = 171F86DBBB000046003F2701 /* cell_layout.xib */; };
		171F86DAAA000061003F2701 /* RC_Common.swift in Sources */ = {isa = PBXBuildFile; fileRef = 171F86DBBB000061003F2701 /* RC_Common.swift */; };
		171F86DAAA000062003F2701 /* RC_GetResources.swift in Sources */ = {isa = PBXBuildFile; fileRef = 171F86DBBB000062003F2701 /* RC_GetResources.swift */; };
		171F86DAAA000063003F2701 /* RC_Toast.swift in Sources */ = {isa = PBXBuildFile; fileRef = 171F86DBBB000063003F2701 /* RC_Toast.swift */; };
		171F86DAAA000064003F2701 /* RC_UILabel.swift in Sources */ = {isa = PBXBuildFile; fileRef = 171F86DBBB000064003F2701 /* RC_UILabel.swift */; };
		171F86DAAA000065003F2701 /* RC_Snackbar.swift in Sources */ = {isa = PBXBuildFile; fileRef = 171F86DBBB000065003F2701 /* RC_Snackbar.swift */; };
/* End PBXBuildFile section */

/* Begin PBXFileReference section */
		171F86DBBB000007003F2701 /* Info.plist */ = {isa = PBXFileReference; lastKnownFileType = text.plist.xml; path = Info.plist; sourceTree = "<group>"; };
		171F86DBBB000008003F2701 /* R.swift */ = {isa = PBXFileReference; fileEncoding = 4; lastKnownFileType = sourcecode.swift; path = R.swift; sourceTree = "<group>"; };
		171F86DBBB000010003F2701 /* RC_Common.xcassets */ = {isa = PBXFileReference; lastKnownFileType = folder.assetcatalog; path = RC_Common.xcassets; sourceTree = "<group>"; };
		171F86DBBB000011003F2701 /* Assets.xcassets */ = {isa = PBXFileReference; lastKnownFileType = folder.assetcatalog; path = Assets.xcassets; sourceTree = "<group>"; };
		171F86DBBB000013003F2701 /* AppDelegate.swift */ = {isa = PBXFileReference; fileEncoding = 4; lastKnownFileType = sourcecode.swift; path = AppDelegate.swift; sourceTree = "<group>"; };
		171F86DBBB000015003F2701 /* GallarySample.app */ = {isa = PBXFileReference; explicitFileType = wrapper.application; includeInIndex = 0; path = GallarySample.app; sourceTree = BUILT_PRODUCTS_DIR; };
		171F86DBBB000027003F2701 /* ImageData.swift */ = {isa = PBXFileReference; fileEncoding = 4; lastKnownFileType = sourcecode.swift; path = ImageData.swift; sourceTree = "<group>"; };
		171F86DBBB000028003F2701 /* MainViewController.swift */ = {isa = PBXFileReference; fileEncoding = 4; lastKnownFileType = sourcecode.swift; path = MainViewController.swift; sourceTree = "<group>"; };
		171F86DBBB000029003F2701 /* MyAdapter.swift */ = {isa = PBXFileReference; fileEncoding = 4; lastKnownFileType = sourcecode.swift; path = MyAdapter.swift; sourceTree = "<group>"; };
		171F86DBBB000061003F2701 /* RC_Common.swift */ = {isa = PBXFileReference; fileEncoding = 4; lastKnownFileType = sourcecode.swift; path = RC_Common.swift; sourceTree = "<group>"; };
		171F86DBBB000062003F2701 /* RC_GetResources.swift */ = {isa = PBXFileReference; fileEncoding = 4; lastKnownFileType = sourcecode.swift; path = RC_GetResources.swift; sourceTree = "<group>"; };
		171F86DBBB000063003F2701 /* RC_Toast.swift */ = {isa = PBXFileReference; fileEncoding = 4; lastKnownFileType = sourcecode.swift; path = RC_Toast.swift; sourceTree = "<group>"; };
		171F86DBBB000064003F2701 /* RC_UILabel.swift */ = {isa = PBXFileReference; fileEncoding = 4; lastKnownFileType = sourcecode.swift; path = RC_UILabel.swift; sourceTree = "<group>"; };
		171F86DBBB000065003F2701 /* RC_Snackbar.swift */ = {isa = PBXFileReference; fileEncoding = 4; lastKnownFileType = sourcecode.swift; path = RC_Snackbar.swift; sourceTree = "<group>"; };
		171F86DCCC000009003F2701 /* en */ = {isa = PBXFileReference; lastKnownFileType = text.plist.strings; name = en; path = en.lproj/Localizable.strings; sourceTree = "<group>"; };
		171F86DCCC000014003F2701 /* Base */ = {isa = PBXFileReference; lastKnownFileType = file.storyboard; name = Base; path = Base.lproj/LaunchScreen.storyboard; sourceTree = "<group>"; };
		171F86DCCC000045003F2701 /* Base */ = {isa = PBXFileReference; lastKnownFileType = file.storyboard; name = Base; path = Base.lproj/mainView.storyboard; sourceTree = "<group>"; };
		171F86DCCC000046003F2701 /* Base.lproj/cell_layout.xib */ = {isa = PBXFileReference; fileEncoding = 4; lastKnownFileType = file.xib; path = Base.lproj/cell_layout.xib; sourceTree = "<group>"; };
		171F86DCCC000059003F2701 /* en */ = {isa = PBXFileReference; lastKnownFileType = text.plist.strings; name = en; path = en.lproj/mainView.strings; sourceTree = "<group>"; };
		171F86DCCC000060003F2701 /* en */ = {isa = PBXFileReference; lastKnownFileType = text.plist.strings; name = en; path = en.lproj/cell_layout.strings; sourceTree = "<group>"; };
/* End PBXFileReference section */

/* Begin PBXFrameworksBuildPhase section */
		171F86B921C8BEB0003F2701 /* Frameworks */ = {
			isa = PBXFrameworksBuildPhase;
			buildActionMask = 2147483647;
			files = (
			);
			runOnlyForDeploymentPostprocessing = 0;
		};
/* End PBXFrameworksBuildPhase section */

/* Begin PBXGroup section */
		171F86B321C8BEB0003F2701 = {
			isa = PBXGroup;
			children = (
				171F86BE21C8BEB0003F2701 /* GallarySample */,
				171F86BD21C8BEB0003F2701 /* Products */,
			);
			sourceTree = "<group>";
		};
		171F86BD21C8BEB0003F2701 /* Products */ = {
			isa = PBXGroup;
			children = (
				171F86DBBB000015003F2701 /* GallarySample.app */,
			);
			name = Products;
			sourceTree = "<group>";
		};
		171F86BE21C8BEB0003F2701 /* GallarySample */ = {
			isa = PBXGroup;
			children = (
				171F86DBBB000007003F2701 /* Info.plist */,
				171F86DBBB000011003F2701 /* Assets.xcassets */,
				171F86DBBB000016003F2701 /* Swift */,
				171F86DBBB000017003F2701 /* RC */,
				171F86DBBB000018003F2701 /* UI */,
			);
			path = GallarySample;
			sourceTree = "<group>";
		};
		171F86DBBB000012003F2701 /* RC_Lib */ = {
			isa = PBXGroup;
			children = (
				171F86DBBB000061003F2701 /* RC_Common.swift */,
				171F86DBBB000062003F2701 /* RC_GetResources.swift */,
				171F86DBBB000063003F2701 /* RC_Toast.swift */,
				171F86DBBB000064003F2701 /* RC_UILabel.swift */,
				171F86DBBB000065003F2701 /* RC_Snackbar.swift */,
			);
			path = RC_Lib;
			sourceTree = "<group>";
		};
		171F86DBBB000016003F2701 /* Swift */ = {
			isa = PBXGroup;
			children = (
				171F86DBBB000008003F2701 /* R.swift */,
				171F86DBBB000013003F2701 /* AppDelegate.swift */,
				171F86DBBB000027003F2701 /* ImageData.swift */,
				171F86DBBB000028003F2701 /* MainViewController.swift */,
				171F86DBBB000029003F2701 /* MyAdapter.swift */,
			);
			path = Swift;
			sourceTree = "<group>";
		};
		171F86DBBB000017003F2701 /* RC */ = {
			isa = PBXGroup;
			children = (
				171F86DBBB000010003F2701 /* RC_Common.xcassets */,
				171F86DBBB000012003F2701 /* RC_Lib */,
			);
			path = RC;
			sourceTree = "<group>";
		};
		171F86DBBB000018003F2701 /* UI */ = {
			isa = PBXGroup;
			children = (
				171F86DBBB000009003F2701 /* Localizable.strings */,
				171F86DBBB000014003F2701 /* LaunchScreen.storyboard */,
				171F86DBBB000045003F2701 /* mainView.storyboard */,
				171F86DBBB000046003F2701 /* cell_layout.xib */,
			);
			path = UI;
			sourceTree = "<group>";
		};
/* End PBXGroup section */

/* Begin PBXNativeTarget section */
		171F86BB21C8BEB0003F2701 /* GallarySample */ = {
			isa = PBXNativeTarget;
			buildConfigurationList = 171F86CE21C8BEB2003F2701 /* Build configuration list for PBXNativeTarget "GallarySample" */;
			buildPhases = (
				171F86B821C8BEB0003F2701 /* Sources */,
				171F86B921C8BEB0003F2701 /* Frameworks */,
				171F86BA21C8BEB0003F2701 /* Resources */,
			);
			buildRules = (
			);
			dependencies = (
			);
			name = GallarySample;
			productName = GallarySample;
			productReference = 171F86DBBB000015003F2701 /* GallarySample.app */;
			productType = "com.apple.product-type.application";
		};
/* End PBXNativeTarget section */

/* Begin PBXProject section */
		171F86B421C8BEB0003F2701 /* Project object */ = {
			isa = PBXProject;
			attributes = {
				LastSwiftUpdateCheck = 1010;
				LastUpgradeCheck = 1010;
				ORGANIZATIONNAME = OrgName;
				TargetAttributes = {
					171F86BB21C8BEB0003F2701 = {
						CreatedOnToolsVersion = 10.1;
					};
				};
			};
			buildConfigurationList = 171F86B721C8BEB0003F2701 /* Build configuration list for PBXProject "GallarySample" */;
			compatibilityVersion = "Xcode 9.3";
			developmentRegion = en;
			hasScannedForEncodings = 0;
			knownRegions = (
				en,
				Base,
			);
			mainGroup = 171F86B321C8BEB0003F2701;
			productRefGroup = 171F86BD21C8BEB0003F2701 /* Products */;
			projectDirPath = "";
			projectRoot = "";
			targets = (
				171F86BB21C8BEB0003F2701 /* GallarySample */,
			);
		};
/* End PBXProject section */

/* Begin PBXResourcesBuildPhase section */
		171F86BA21C8BEB0003F2701 /* Resources */ = {
			isa = PBXResourcesBuildPhase;
			buildActionMask = 2147483647;
			files = (
				171F86DAAA000009003F2701 /* Localizable.strings in Resources */,
				171F86DAAA000010003F2701 /* RC_Common.xcassets in Resources */,
				171F86DAAA000011003F2701 /* Assets.xcassets in Resources */,
				171F86DAAA000014003F2701 /* LaunchScreen.storyboard in Resources */,
				171F86DAAA000045003F2701 /* mainView.storyboard in Resources */,
				171F86DAAA000046003F2701 /* cell_layout.xib in Resources */,
			);
			runOnlyForDeploymentPostprocessing = 0;
		};
/* End PBXResourcesBuildPhase section */

/* Begin PBXSourcesBuildPhase section */
		171F86B821C8BEB0003F2701 /* Sources */ = {
			isa = PBXSourcesBuildPhase;
			buildActionMask = 2147483647;
			files = (
				171F86DAAA000008003F2701 /* R.swift in Sources */,
				171F86DAAA000013003F2701 /* AppDelegate.swift in Sources */,
				171F86DAAA000027003F2701 /* ImageData.swift in Sources */,
				171F86DAAA000028003F2701 /* MainViewController.swift in Sources */,
				171F86DAAA000029003F2701 /* MyAdapter.swift in Sources */,
				171F86DAAA000061003F2701 /* RC_Common.swift in Sources */,
				171F86DAAA000062003F2701 /* RC_GetResources.swift in Sources */,
				171F86DAAA000063003F2701 /* RC_Toast.swift in Sources */,
				171F86DAAA000064003F2701 /* RC_UILabel.swift in Sources */,
				171F86DAAA000065003F2701 /* RC_Snackbar.swift in Sources */,
			);
			runOnlyForDeploymentPostprocessing = 0;
		};
/* End PBXSourcesBuildPhase section */

/* Begin PBXVariantGroup section */
		171F86DBBB000009003F2701 /* Localizable.strings */ = {
			isa = PBXVariantGroup;
			children = (
				171F86DCCC000009003F2701 /* en */,
			);
			name = Localizable.strings;
			sourceTree = "<group>";
		};
		171F86DBBB000014003F2701 /* LaunchScreen.storyboard */ = {
			isa = PBXVariantGroup;
			children = (
				171F86DCCC000014003F2701 /* Base */,
			);
			name = LaunchScreen.storyboard;
			sourceTree = "<group>";
		};
		171F86DBBB000045003F2701 /* mainView.storyboard */ = {
			isa = PBXVariantGroup;
			children = (
				171F86DCCC000045003F2701 /* Base */,
				171F86DCCC000059003F2701 /* en */,
			);
			name = mainView.storyboard;
			sourceTree = "<group>";
		};
		171F86DBBB000046003F2701 /* cell_layout.xib */ = {
			isa = PBXVariantGroup;
			children = (
				171F86DCCC000046003F2701 /* Base.lproj/cell_layout.xib */,
				171F86DCCC000060003F2701 /* en */,
			);
			name = cell_layout.xib;
			sourceTree = "<group>";
		};
/* End PBXVariantGroup section */

/* Begin XCBuildConfiguration section */
		171F86CC21C8BEB2003F2701 /* Debug */ = {
			isa = XCBuildConfiguration;
			buildSettings = {
				ALWAYS_SEARCH_USER_PATHS = NO;
				CLANG_ANALYZER_NONNULL = YES;
				CLANG_ANALYZER_NUMBER_OBJECT_CONVERSION = YES_AGGRESSIVE;
				CLANG_CXX_LANGUAGE_STANDARD = "gnu++14";
				CLANG_CXX_LIBRARY = "libc++";
				CLANG_ENABLE_MODULES = YES;
				CLANG_ENABLE_OBJC_ARC = YES;
				CLANG_ENABLE_OBJC_WEAK = YES;
				CLANG_WARN_BLOCK_CAPTURE_AUTORELEASING = YES;
				CLANG_WARN_BOOL_CONVERSION = YES;
				CLANG_WARN_COMMA = YES;
				CLANG_WARN_CONSTANT_CONVERSION = YES;
				CLANG_WARN_DEPRECATED_OBJC_IMPLEMENTATIONS = YES;
				CLANG_WARN_DIRECT_OBJC_ISA_USAGE = YES_ERROR;
				CLANG_WARN_DOCUMENTATION_COMMENTS = YES;
				CLANG_WARN_EMPTY_BODY = YES;
				CLANG_WARN_ENUM_CONVERSION = YES;
				CLANG_WARN_INFINITE_RECURSION = YES;
				CLANG_WARN_INT_CONVERSION = YES;
				CLANG_WARN_NON_LITERAL_NULL_CONVERSION = YES;
				CLANG_WARN_OBJC_IMPLICIT_RETAIN_SELF = YES;
				CLANG_WARN_OBJC_LITERAL_CONVERSION = YES;
				CLANG_WARN_OBJC_ROOT_CLASS = YES_ERROR;
				CLANG_WARN_RANGE_LOOP_ANALYSIS = YES;
				CLANG_WARN_STRICT_PROTOTYPES = YES;
				CLANG_WARN_SUSPICIOUS_MOVE = YES;
				CLANG_WARN_UNGUARDED_AVAILABILITY = YES_AGGRESSIVE;
				CLANG_WARN_UNREACHABLE_CODE = YES;
				CLANG_WARN__DUPLICATE_METHOD_MATCH = YES;
				CODE_SIGN_IDENTITY = "iPhone Developer";
				COPY_PHASE_STRIP = NO;
				DEBUG_INFORMATION_FORMAT = dwarf;
				ENABLE_STRICT_OBJC_MSGSEND = YES;
				ENABLE_TESTABILITY = YES;
				GCC_C_LANGUAGE_STANDARD = gnu11;
				GCC_DYNAMIC_NO_PIC = NO;
				GCC_NO_COMMON_BLOCKS = YES;
				GCC_OPTIMIZATION_LEVEL = 0;
				GCC_PREPROCESSOR_DEFINITIONS = (
					"DEBUG=1",
					"$(inherited)",
				);
				GCC_WARN_64_TO_32_BIT_CONVERSION = YES;
				GCC_WARN_ABOUT_RETURN_TYPE = YES_ERROR;
				GCC_WARN_UNDECLARED_SELECTOR = YES;
				GCC_WARN_UNINITIALIZED_AUTOS = YES_AGGRESSIVE;
				GCC_WARN_UNUSED_FUNCTION = YES;
				GCC_WARN_UNUSED_VARIABLE = YES;
				IPHONEOS_DEPLOYMENT_TARGET = 12.1;
				MTL_ENABLE_DEBUG_INFO = INCLUDE_SOURCE;
				MTL_FAST_MATH = YES;
				ONLY_ACTIVE_ARCH = YES;
				SDKROOT = iphoneos;
				SWIFT_ACTIVE_COMPILATION_CONDITIONS = DEBUG;
				SWIFT_OPTIMIZATION_LEVEL = "-Onone";
			};
			name = Debug;
		};
		171F86CD21C8BEB2003F2701 /* Release */ = {
			isa = XCBuildConfiguration;
			buildSettings = {
				ALWAYS_SEARCH_USER_PATHS = NO;
				CLANG_ANALYZER_NONNULL = YES;
				CLANG_ANALYZER_NUMBER_OBJECT_CONVERSION = YES_AGGRESSIVE;
				CLANG_CXX_LANGUAGE_STANDARD = "gnu++14";
				CLANG_CXX_LIBRARY = "libc++";
				CLANG_ENABLE_MODULES = YES;
				CLANG_ENABLE_OBJC_ARC = YES;
				CLANG_ENABLE_OBJC_WEAK = YES;
				CLANG_WARN_BLOCK_CAPTURE_AUTORELEASING = YES;
				CLANG_WARN_BOOL_CONVERSION = YES;
				CLANG_WARN_COMMA = YES;
				CLANG_WARN_CONSTANT_CONVERSION = YES;
				CLANG_WARN_DEPRECATED_OBJC_IMPLEMENTATIONS = YES;
				CLANG_WARN_DIRECT_OBJC_ISA_USAGE = YES_ERROR;
				CLANG_WARN_DOCUMENTATION_COMMENTS = YES;
				CLANG_WARN_EMPTY_BODY = YES;
				CLANG_WARN_ENUM_CONVERSION = YES;
				CLANG_WARN_INFINITE_RECURSION = YES;
				CLANG_WARN_INT_CONVERSION = YES;
				CLANG_WARN_NON_LITERAL_NULL_CONVERSION = YES;
				CLANG_WARN_OBJC_IMPLICIT_RETAIN_SELF = YES;
				CLANG_WARN_OBJC_LITERAL_CONVERSION = YES;
				CLANG_WARN_OBJC_ROOT_CLASS = YES_ERROR;
				CLANG_WARN_RANGE_LOOP_ANALYSIS = YES;
				CLANG_WARN_STRICT_PROTOTYPES = YES;
				CLANG_WARN_SUSPICIOUS_MOVE = YES;
				CLANG_WARN_UNGUARDED_AVAILABILITY = YES_AGGRESSIVE;
				CLANG_WARN_UNREACHABLE_CODE = YES;
				CLANG_WARN__DUPLICATE_METHOD_MATCH = YES;
				CODE_SIGN_IDENTITY = "iPhone Developer";
				COPY_PHASE_STRIP = NO;
				DEBUG_INFORMATION_FORMAT = "dwarf-with-dsym";
				ENABLE_NS_ASSERTIONS = NO;
				ENABLE_STRICT_OBJC_MSGSEND = YES;
				GCC_C_LANGUAGE_STANDARD = gnu11;
				GCC_NO_COMMON_BLOCKS = YES;
				GCC_WARN_64_TO_32_BIT_CONVERSION = YES;
				GCC_WARN_ABOUT_RETURN_TYPE = YES_ERROR;
				GCC_WARN_UNDECLARED_SELECTOR = YES;
				GCC_WARN_UNINITIALIZED_AUTOS = YES_AGGRESSIVE;
				GCC_WARN_UNUSED_FUNCTION = YES;
				GCC_WARN_UNUSED_VARIABLE = YES;
				IPHONEOS_DEPLOYMENT_TARGET = 12.1;
				MTL_ENABLE_DEBUG_INFO = NO;
				MTL_FAST_MATH = YES;
				SDKROOT = iphoneos;
				SWIFT_COMPILATION_MODE = wholemodule;
				SWIFT_OPTIMIZATION_LEVEL = "-O";
				VALIDATE_PRODUCT = YES;
			};
			name = Release;
		};
		171F86CF21C8BEB2003F2701 /* Debug */ = {
			isa = XCBuildConfiguration;
			buildSettings = {
				ASSETCATALOG_COMPILER_APPICON_NAME = AppIcon;
				CODE_SIGN_STYLE = Automatic;
				DEVELOPMENT_TEAM = 3T95RR8X2G;
				INFOPLIST_FILE = GallarySample/Info.plist;
				LD_RUNPATH_SEARCH_PATHS = (
					"$(inherited)",
					"@executable_path/Frameworks",
				);
				PRODUCT_BUNDLE_IDENTIFIER = com.reflectcode.demo.recyclerviewdemo;
				PRODUCT_NAME = "$(TARGET_NAME)";
				SWIFT_VERSION = 4.2;
				TARGETED_DEVICE_FAMILY = "1,2";
			};
			name = Debug;
		};
		171F86D021C8BEB2003F2701 /* Release */ = {
			isa = XCBuildConfiguration;
			buildSettings = {
				ASSETCATALOG_COMPILER_APPICON_NAME = AppIcon;
				CODE_SIGN_STYLE = Automatic;
				DEVELOPMENT_TEAM = 3T95RR8X2G;
				INFOPLIST_FILE = GallarySample/Info.plist;
				LD_RUNPATH_SEARCH_PATHS = (
					"$(inherited)",
					"@executable_path/Frameworks",
				);
				PRODUCT_BUNDLE_IDENTIFIER = com.reflectcode.demo.recyclerviewdemo;
				PRODUCT_NAME = "$(TARGET_NAME)";
				SWIFT_VERSION = 4.2;
				TARGETED_DEVICE_FAMILY = "1,2";
			};
			name = Release;
		};
/* End XCBuildConfiguration section */

/* Begin XCConfigurationList section */
		171F86B721C8BEB0003F2701 /* Build configuration list for PBXProject "GallarySample" */ = {
			isa = XCConfigurationList;
			buildConfigurations = (
				171F86CC21C8BEB2003F2701 /* Debug */,
				171F86CD21C8BEB2003F2701 /* Release */,
			);
			defaultConfigurationIsVisible = 0;
			defaultConfigurationName = Release;
		};
		171F86CE21C8BEB2003F2701 /* Build configuration list for PBXNativeTarget "GallarySample" */ = {
			isa = XCConfigurationList;
			buildConfigurations = (
				171F86CF21C8BEB2003F2701 /* Debug */,
				171F86D021C8BEB2003F2701 /* Release */,
			);
			defaultConfigurationIsVisible = 0;
			defaultConfigurationName = Release;
		};
/* End XCConfigurationList section */
	};
	rootObject = 171F86B421C8BEB0003F2701 /* Project object */;
}
